// !$*UTF8*$!
{
	archiveVersion = 1;
	classes = {
	};
	objectVersion = 46;
	objects = {

/* Begin PBXBuildFile section */
		22268AFD17F9C5CA00ED2512 /* QACategory.m in Sources */ = {isa = PBXBuildFile; fileRef = 22268AFC17F9C5CA00ED2512 /* QACategory.m */; };
		22268B0017F9C76200ED2512 /* QAQuestion.m in Sources */ = {isa = PBXBuildFile; fileRef = 22268AFF17F9C76200ED2512 /* QAQuestion.m */; };
		22B502021802F1E4004F070A /* Categories.plist in Resources */ = {isa = PBXBuildFile; fileRef = 22B502011802F1E4004F070A /* Categories.plist */; };
		22B502041802F356004F070A /* sports-football.plist in Resources */ = {isa = PBXBuildFile; fileRef = 22B502031802F356004F070A /* sports-football.plist */; };
		22B502071802F3AC004F070A /* sports-handball.plist in Resources */ = {isa = PBXBuildFile; fileRef = 22B502061802F3AC004F070A /* sports-handball.plist */; };
		22B5020A1802F3C1004F070A /* history-1990s.plist in Resources */ = {isa = PBXBuildFile; fileRef = 22B502091802F3C1004F070A /* history-1990s.plist */; };
		22B5020D1802F6E9004F070A /* tech-programming.plist in Resources */ = {isa = PBXBuildFile; fileRef = 22B5020C1802F6E9004F070A /* tech-programming.plist */; };
		22B5021C1802F9B5004F070A /* QAAboutViewController.m in Sources */ = {isa = PBXBuildFile; fileRef = 22B502111802F9B5004F070A /* QAAboutViewController.m */; };
		22B5021D1802F9B5004F070A /* QACategoryListViewController.m in Sources */ = {isa = PBXBuildFile; fileRef = 22B502131802F9B5004F070A /* QACategoryListViewController.m */; };
		22B5021E1802F9B5004F070A /* QAPauseViewController.m in Sources */ = {isa = PBXBuildFile; fileRef = 22B502151802F9B5004F070A /* QAPauseViewController.m */; };
		22B5021F1802F9B5004F070A /* QAQuestionViewController.m in Sources */ = {isa = PBXBuildFile; fileRef = 22B502171802F9B5004F070A /* QAQuestionViewController.m */; };
		22B502201802F9B5004F070A /* QAResultsViewController.m in Sources */ = {isa = PBXBuildFile; fileRef = 22B502191802F9B5004F070A /* QAResultsViewController.m */; };
		22B502211802F9B5004F070A /* QAStatsViewController.m in Sources */ = {isa = PBXBuildFile; fileRef = 22B5021B1802F9B5004F070A /* QAStatsViewController.m */; };
		22B502251802F9E2004F070A /* QADataController.m in Sources */ = {isa = PBXBuildFile; fileRef = 22B502241802F9E2004F070A /* QADataController.m */; };
		B40F208E17F9B80500AC5DCE /* Foundation.framework in Frameworks */ = {isa = PBXBuildFile; fileRef = B40F208D17F9B80400AC5DCE /* Foundation.framework */; };
		B40F209017F9B80500AC5DCE /* CoreGraphics.framework in Frameworks */ = {isa = PBXBuildFile; fileRef = B40F208F17F9B80500AC5DCE /* CoreGraphics.framework */; };
		B40F209217F9B80500AC5DCE /* UIKit.framework in Frameworks */ = {isa = PBXBuildFile; fileRef = B40F209117F9B80500AC5DCE /* UIKit.framework */; };
		B40F209817F9B80500AC5DCE /* InfoPlist.strings in Resources */ = {isa = PBXBuildFile; fileRef = B40F209617F9B80500AC5DCE /* InfoPlist.strings */; };
		B40F209A17F9B80500AC5DCE /* main.m in Sources */ = {isa = PBXBuildFile; fileRef = B40F209917F9B80500AC5DCE /* main.m */; };
		B40F209E17F9B80500AC5DCE /* QAAppDelegate.m in Sources */ = {isa = PBXBuildFile; fileRef = B40F209D17F9B80500AC5DCE /* QAAppDelegate.m */; };
		B40F20A117F9B80500AC5DCE /* Main.storyboard in Resources */ = {isa = PBXBuildFile; fileRef = B40F209F17F9B80500AC5DCE /* Main.storyboard */; };
		B40F20A617F9B80500AC5DCE /* Images.xcassets in Resources */ = {isa = PBXBuildFile; fileRef = B40F20A517F9B80500AC5DCE /* Images.xcassets */; };
		B40F20AD17F9B80500AC5DCE /* XCTest.framework in Frameworks */ = {isa = PBXBuildFile; fileRef = B40F20AC17F9B80500AC5DCE /* XCTest.framework */; };
		B40F20AE17F9B80500AC5DCE /* Foundation.framework in Frameworks */ = {isa = PBXBuildFile; fileRef = B40F208D17F9B80400AC5DCE /* Foundation.framework */; };
		B40F20AF17F9B80500AC5DCE /* UIKit.framework in Frameworks */ = {isa = PBXBuildFile; fileRef = B40F209117F9B80500AC5DCE /* UIKit.framework */; };
		B40F20B717F9B80500AC5DCE /* InfoPlist.strings in Resources */ = {isa = PBXBuildFile; fileRef = B40F20B517F9B80500AC5DCE /* InfoPlist.strings */; };
		B40F20B917F9B80500AC5DCE /* QuizAppTests.m in Sources */ = {isa = PBXBuildFile; fileRef = B40F20B817F9B80500AC5DCE /* QuizAppTests.m */; };
/* End PBXBuildFile section */

/* Begin PBXContainerItemProxy section */
		B40F20B017F9B80500AC5DCE /* PBXContainerItemProxy */ = {
			isa = PBXContainerItemProxy;
			containerPortal = B40F208217F9B80400AC5DCE /* Project object */;
			proxyType = 1;
			remoteGlobalIDString = B40F208917F9B80400AC5DCE;
			remoteInfo = QuizApp;
		};
/* End PBXContainerItemProxy section */

/* Begin PBXFileReference section */
		22268AFB17F9C5CA00ED2512 /* QACategory.h */ = {isa = PBXFileReference; fileEncoding = 4; lastKnownFileType = sourcecode.c.h; path = QACategory.h; sourceTree = "<group>"; };
		22268AFC17F9C5CA00ED2512 /* QACategory.m */ = {isa = PBXFileReference; fileEncoding = 4; lastKnownFileType = sourcecode.c.objc; path = QACategory.m; sourceTree = "<group>"; };
		22268AFE17F9C76200ED2512 /* QAQuestion.h */ = {isa = PBXFileReference; fileEncoding = 4; lastKnownFileType = sourcecode.c.h; path = QAQuestion.h; sourceTree = "<group>"; };
		22268AFF17F9C76200ED2512 /* QAQuestion.m */ = {isa = PBXFileReference; fileEncoding = 4; lastKnownFileType = sourcecode.c.objc; path = QAQuestion.m; sourceTree = "<group>"; };
		22B502011802F1E4004F070A /* Categories.plist */ = {isa = PBXFileReference; fileEncoding = 4; lastKnownFileType = text.plist.xml; path = Categories.plist; sourceTree = "<group>"; };
		22B502031802F356004F070A /* sports-football.plist */ = {isa = PBXFileReference; fileEncoding = 4; lastKnownFileType = text.plist.xml; path = "sports-football.plist"; sourceTree = "<group>"; };
		22B502061802F3AC004F070A /* sports-handball.plist */ = {isa = PBXFileReference; fileEncoding = 4; lastKnownFileType = text.plist.xml; path = "sports-handball.plist"; sourceTree = "<group>"; };
		22B502091802F3C1004F070A /* history-1990s.plist */ = {isa = PBXFileReference; fileEncoding = 4; lastKnownFileType = text.plist.xml; path = "history-1990s.plist"; sourceTree = "<group>"; };
		22B5020C1802F6E9004F070A /* tech-programming.plist */ = {isa = PBXFileReference; fileEncoding = 4; lastKnownFileType = text.plist.xml; path = "tech-programming.plist"; sourceTree = "<group>"; };
		22B502101802F9B5004F070A /* QAAboutViewController.h */ = {isa = PBXFileReference; fileEncoding = 4; lastKnownFileType = sourcecode.c.h; path = QAAboutViewController.h; sourceTree = "<group>"; };
		22B502111802F9B5004F070A /* QAAboutViewController.m */ = {isa = PBXFileReference; fileEncoding = 4; lastKnownFileType = sourcecode.c.objc; path = QAAboutViewController.m; sourceTree = "<group>"; };
		22B502121802F9B5004F070A /* QACategoryListViewController.h */ = {isa = PBXFileReference; fileEncoding = 4; lastKnownFileType = sourcecode.c.h; path = QACategoryListViewController.h; sourceTree = "<group>"; };
		22B502131802F9B5004F070A /* QACategoryListViewController.m */ = {isa = PBXFileReference; fileEncoding = 4; lastKnownFileType = sourcecode.c.objc; path = QACategoryListViewController.m; sourceTree = "<group>"; };
		22B502141802F9B5004F070A /* QAPauseViewController.h */ = {isa = PBXFileReference; fileEncoding = 4; lastKnownFileType = sourcecode.c.h; path = QAPauseViewController.h; sourceTree = "<group>"; };
		22B502151802F9B5004F070A /* QAPauseViewController.m */ = {isa = PBXFileReference; fileEncoding = 4; lastKnownFileType = sourcecode.c.objc; path = QAPauseViewController.m; sourceTree = "<group>"; };
		22B502161802F9B5004F070A /* QAQuestionViewController.h */ = {isa = PBXFileReference; fileEncoding = 4; lastKnownFileType = sourcecode.c.h; path = QAQuestionViewController.h; sourceTree = "<group>"; };
		22B502171802F9B5004F070A /* QAQuestionViewController.m */ = {isa = PBXFileReference; fileEncoding = 4; lastKnownFileType = sourcecode.c.objc; path = QAQuestionViewController.m; sourceTree = "<group>"; };
		22B502181802F9B5004F070A /* QAResultsViewController.h */ = {isa = PBXFileReference; fileEncoding = 4; lastKnownFileType = sourcecode.c.h; path = QAResultsViewController.h; sourceTree = "<group>"; };
		22B502191802F9B5004F070A /* QAResultsViewController.m */ = {isa = PBXFileReference; fileEncoding = 4; lastKnownFileType = sourcecode.c.objc; path = QAResultsViewController.m; sourceTree = "<group>"; };
		22B5021A1802F9B5004F070A /* QAStatsViewController.h */ = {isa = PBXFileReference; fileEncoding = 4; lastKnownFileType = sourcecode.c.h; path = QAStatsViewController.h; sourceTree = "<group>"; };
		22B5021B1802F9B5004F070A /* QAStatsViewController.m */ = {isa = PBXFileReference; fileEncoding = 4; lastKnownFileType = sourcecode.c.objc; path = QAStatsViewController.m; sourceTree = "<group>"; };
		22B502231802F9E2004F070A /* QADataController.h */ = {isa = PBXFileReference; fileEncoding = 4; lastKnownFileType = sourcecode.c.h; path = QADataController.h; sourceTree = "<group>"; };
		22B502241802F9E2004F070A /* QADataController.m */ = {isa = PBXFileReference; fileEncoding = 4; lastKnownFileType = sourcecode.c.objc; path = QADataController.m; sourceTree = "<group>"; };
		B40F208A17F9B80400AC5DCE /* QuizApp.app */ = {isa = PBXFileReference; explicitFileType = wrapper.application; includeInIndex = 0; path = QuizApp.app; sourceTree = BUILT_PRODUCTS_DIR; };
		B40F208D17F9B80400AC5DCE /* Foundation.framework */ = {isa = PBXFileReference; lastKnownFileType = wrapper.framework; name = Foundation.framework; path = System/Library/Frameworks/Foundation.framework; sourceTree = SDKROOT; };
		B40F208F17F9B80500AC5DCE /* CoreGraphics.framework */ = {isa = PBXFileReference; lastKnownFileType = wrapper.framework; name = CoreGraphics.framework; path = System/Library/Frameworks/CoreGraphics.framework; sourceTree = SDKROOT; };
		B40F209117F9B80500AC5DCE /* UIKit.framework */ = {isa = PBXFileReference; lastKnownFileType = wrapper.framework; name = UIKit.framework; path = System/Library/Frameworks/UIKit.framework; sourceTree = SDKROOT; };
		B40F209517F9B80500AC5DCE /* QuizApp-Info.plist */ = {isa = PBXFileReference; lastKnownFileType = text.plist.xml; path = "QuizApp-Info.plist"; sourceTree = "<group>"; };
		B40F209717F9B80500AC5DCE /* en */ = {isa = PBXFileReference; lastKnownFileType = text.plist.strings; name = en; path = en.lproj/InfoPlist.strings; sourceTree = "<group>"; };
		B40F209917F9B80500AC5DCE /* main.m */ = {isa = PBXFileReference; lastKnownFileType = sourcecode.c.objc; path = main.m; sourceTree = "<group>"; };
		B40F209B17F9B80500AC5DCE /* QuizApp-Prefix.pch */ = {isa = PBXFileReference; lastKnownFileType = sourcecode.c.h; path = "QuizApp-Prefix.pch"; sourceTree = "<group>"; };
		B40F209C17F9B80500AC5DCE /* QAAppDelegate.h */ = {isa = PBXFileReference; lastKnownFileType = sourcecode.c.h; path = QAAppDelegate.h; sourceTree = "<group>"; };
		B40F209D17F9B80500AC5DCE /* QAAppDelegate.m */ = {isa = PBXFileReference; lastKnownFileType = sourcecode.c.objc; path = QAAppDelegate.m; sourceTree = "<group>"; };
		B40F20A017F9B80500AC5DCE /* Base */ = {isa = PBXFileReference; lastKnownFileType = file.storyboard; name = Base; path = Base.lproj/Main.storyboard; sourceTree = "<group>"; };
		B40F20A517F9B80500AC5DCE /* Images.xcassets */ = {isa = PBXFileReference; lastKnownFileType = folder.assetcatalog; path = Images.xcassets; sourceTree = "<group>"; };
		B40F20AB17F9B80500AC5DCE /* QuizAppTests.xctest */ = {isa = PBXFileReference; explicitFileType = wrapper.cfbundle; includeInIndex = 0; path = QuizAppTests.xctest; sourceTree = BUILT_PRODUCTS_DIR; };
		B40F20AC17F9B80500AC5DCE /* XCTest.framework */ = {isa = PBXFileReference; lastKnownFileType = wrapper.framework; name = XCTest.framework; path = Library/Frameworks/XCTest.framework; sourceTree = DEVELOPER_DIR; };
		B40F20B417F9B80500AC5DCE /* QuizAppTests-Info.plist */ = {isa = PBXFileReference; lastKnownFileType = text.plist.xml; path = "QuizAppTests-Info.plist"; sourceTree = "<group>"; };
		B40F20B617F9B80500AC5DCE /* en */ = {isa = PBXFileReference; lastKnownFileType = text.plist.strings; name = en; path = en.lproj/InfoPlist.strings; sourceTree = "<group>"; };
		B40F20B817F9B80500AC5DCE /* QuizAppTests.m */ = {isa = PBXFileReference; lastKnownFileType = sourcecode.c.objc; path = QuizAppTests.m; sourceTree = "<group>"; };
/* End PBXFileReference section */

/* Begin PBXFrameworksBuildPhase section */
		B40F208717F9B80400AC5DCE /* Frameworks */ = {
			isa = PBXFrameworksBuildPhase;
			buildActionMask = 2147483647;
			files = (
				B40F209017F9B80500AC5DCE /* CoreGraphics.framework in Frameworks */,
				B40F209217F9B80500AC5DCE /* UIKit.framework in Frameworks */,
				B40F208E17F9B80500AC5DCE /* Foundation.framework in Frameworks */,
			);
			runOnlyForDeploymentPostprocessing = 0;
		};
		B40F20A817F9B80500AC5DCE /* Frameworks */ = {
			isa = PBXFrameworksBuildPhase;
			buildActionMask = 2147483647;
			files = (
				B40F20AD17F9B80500AC5DCE /* XCTest.framework in Frameworks */,
				B40F20AF17F9B80500AC5DCE /* UIKit.framework in Frameworks */,
				B40F20AE17F9B80500AC5DCE /* Foundation.framework in Frameworks */,
			);
			runOnlyForDeploymentPostprocessing = 0;
		};
/* End PBXFrameworksBuildPhase section */

/* Begin PBXGroup section */
		22268AE917F9C32A00ED2512 /* Data */ = {
			isa = PBXGroup;
			children = (
				22B502011802F1E4004F070A /* Categories.plist */,
				22B5020B1802F6D9004F070A /* Technology */,
				22B502081802F3B0004F070A /* History */,
				22B502051802F37D004F070A /* Sports */,
			);
			path = Data;
			sourceTree = "<group>";
		};
		22268AEA17F9C32A00ED2512 /* Model */ = {
			isa = PBXGroup;
			children = (
				22268AFB17F9C5CA00ED2512 /* QACategory.h */,
				22268AFC17F9C5CA00ED2512 /* QACategory.m */,
				22268AFE17F9C76200ED2512 /* QAQuestion.h */,
				22268AFF17F9C76200ED2512 /* QAQuestion.m */,
			);
			path = Model;
			sourceTree = "<group>";
		};
		22B502051802F37D004F070A /* Sports */ = {
			isa = PBXGroup;
			children = (
				22B502031802F356004F070A /* sports-football.plist */,
				22B502061802F3AC004F070A /* sports-handball.plist */,
			);
			name = Sports;
			sourceTree = "<group>";
		};
		22B502081802F3B0004F070A /* History */ = {
			isa = PBXGroup;
			children = (
				22B502091802F3C1004F070A /* history-1990s.plist */,
			);
			name = History;
			sourceTree = "<group>";
		};
		22B5020B1802F6D9004F070A /* Technology */ = {
			isa = PBXGroup;
			children = (
				22B5020C1802F6E9004F070A /* tech-programming.plist */,
			);
			name = Technology;
			sourceTree = "<group>";
		};
		22B5020F1802F9B5004F070A /* View Controller */ = {
			isa = PBXGroup;
			children = (
				22B502101802F9B5004F070A /* QAAboutViewController.h */,
				22B502111802F9B5004F070A /* QAAboutViewController.m */,
				22B502121802F9B5004F070A /* QACategoryListViewController.h */,
				22B502131802F9B5004F070A /* QACategoryListViewController.m */,
				22B502141802F9B5004F070A /* QAPauseViewController.h */,
				22B502151802F9B5004F070A /* QAPauseViewController.m */,
				22B502161802F9B5004F070A /* QAQuestionViewController.h */,
				22B502171802F9B5004F070A /* QAQuestionViewController.m */,
				22B502181802F9B5004F070A /* QAResultsViewController.h */,
				22B502191802F9B5004F070A /* QAResultsViewController.m */,
				22B5021A1802F9B5004F070A /* QAStatsViewController.h */,
				22B5021B1802F9B5004F070A /* QAStatsViewController.m */,
			);
			path = "View Controller";
			sourceTree = "<group>";
		};
		22B502221802F9C8004F070A /* Model Controller */ = {
			isa = PBXGroup;
			children = (
				22B502231802F9E2004F070A /* QADataController.h */,
				22B502241802F9E2004F070A /* QADataController.m */,
			);
			path = "Model Controller";
			sourceTree = "<group>";
		};
		B40F208117F9B80400AC5DCE = {
			isa = PBXGroup;
			children = (
				B40F209317F9B80500AC5DCE /* QuizApp */,
				B40F20B217F9B80500AC5DCE /* QuizAppTests */,
				B40F208C17F9B80400AC5DCE /* Frameworks */,
				B40F208B17F9B80400AC5DCE /* Products */,
			);
			sourceTree = "<group>";
		};
		B40F208B17F9B80400AC5DCE /* Products */ = {
			isa = PBXGroup;
			children = (
				B40F208A17F9B80400AC5DCE /* QuizApp.app */,
				B40F20AB17F9B80500AC5DCE /* QuizAppTests.xctest */,
			);
			name = Products;
			sourceTree = "<group>";
		};
		B40F208C17F9B80400AC5DCE /* Frameworks */ = {
			isa = PBXGroup;
			children = (
				B40F208D17F9B80400AC5DCE /* Foundation.framework */,
				B40F208F17F9B80500AC5DCE /* CoreGraphics.framework */,
				B40F209117F9B80500AC5DCE /* UIKit.framework */,
				B40F20AC17F9B80500AC5DCE /* XCTest.framework */,
			);
			name = Frameworks;
			sourceTree = "<group>";
		};
		B40F209317F9B80500AC5DCE /* QuizApp */ = {
			isa = PBXGroup;
			children = (
				22B5020F1802F9B5004F070A /* View Controller */,
				22B502221802F9C8004F070A /* Model Controller */,
				22268AEA17F9C32A00ED2512 /* Model */,
				22268AE917F9C32A00ED2512 /* Data */,
				B40F209C17F9B80500AC5DCE /* QAAppDelegate.h */,
				B40F209D17F9B80500AC5DCE /* QAAppDelegate.m */,
				B40F209F17F9B80500AC5DCE /* Main.storyboard */,
				B40F20A517F9B80500AC5DCE /* Images.xcassets */,
				B40F209417F9B80500AC5DCE /* Supporting Files */,
			);
			path = QuizApp;
			sourceTree = "<group>";
		};
		B40F209417F9B80500AC5DCE /* Supporting Files */ = {
			isa = PBXGroup;
			children = (
				B40F209517F9B80500AC5DCE /* QuizApp-Info.plist */,
				B40F209617F9B80500AC5DCE /* InfoPlist.strings */,
				B40F209917F9B80500AC5DCE /* main.m */,
				B40F209B17F9B80500AC5DCE /* QuizApp-Prefix.pch */,
			);
			name = "Supporting Files";
			sourceTree = "<group>";
		};
		B40F20B217F9B80500AC5DCE /* QuizAppTests */ = {
			isa = PBXGroup;
			children = (
				B40F20B817F9B80500AC5DCE /* QuizAppTests.m */,
				B40F20B317F9B80500AC5DCE /* Supporting Files */,
			);
			path = QuizAppTests;
			sourceTree = "<group>";
		};
		B40F20B317F9B80500AC5DCE /* Supporting Files */ = {
			isa = PBXGroup;
			children = (
				B40F20B417F9B80500AC5DCE /* QuizAppTests-Info.plist */,
				B40F20B517F9B80500AC5DCE /* InfoPlist.strings */,
			);
			name = "Supporting Files";
			sourceTree = "<group>";
		};
/* End PBXGroup section */

/* Begin PBXNativeTarget section */
		B40F208917F9B80400AC5DCE /* QuizApp */ = {
			isa = PBXNativeTarget;
			buildConfigurationList = B40F20BC17F9B80500AC5DCE /* Build configuration list for PBXNativeTarget "QuizApp" */;
			buildPhases = (
				B40F208617F9B80400AC5DCE /* Sources */,
				B40F208717F9B80400AC5DCE /* Frameworks */,
				B40F208817F9B80400AC5DCE /* Resources */,
			);
			buildRules = (
			);
			dependencies = (
			);
			name = QuizApp;
			productName = QuizApp;
			productReference = B40F208A17F9B80400AC5DCE /* QuizApp.app */;
			productType = "com.apple.product-type.application";
		};
		B40F20AA17F9B80500AC5DCE /* QuizAppTests */ = {
			isa = PBXNativeTarget;
			buildConfigurationList = B40F20BF17F9B80500AC5DCE /* Build configuration list for PBXNativeTarget "QuizAppTests" */;
			buildPhases = (
				B40F20A717F9B80500AC5DCE /* Sources */,
				B40F20A817F9B80500AC5DCE /* Frameworks */,
				B40F20A917F9B80500AC5DCE /* Resources */,
			);
			buildRules = (
			);
			dependencies = (
				B40F20B117F9B80500AC5DCE /* PBXTargetDependency */,
			);
			name = QuizAppTests;
			productName = QuizAppTests;
			productReference = B40F20AB17F9B80500AC5DCE /* QuizAppTests.xctest */;
			productType = "com.apple.product-type.bundle.unit-test";
		};
/* End PBXNativeTarget section */

/* Begin PBXProject section */
		B40F208217F9B80400AC5DCE /* Project object */ = {
			isa = PBXProject;
			attributes = {
				CLASSPREFIX = QA;
				LastUpgradeCheck = 0500;
				ORGANIZATIONNAME = "Sajjad Taherzadeh";
				TargetAttributes = {
					B40F20AA17F9B80500AC5DCE = {
						TestTargetID = B40F208917F9B80400AC5DCE;
					};
				};
			};
			buildConfigurationList = B40F208517F9B80400AC5DCE /* Build configuration list for PBXProject "QuizApp" */;
			compatibilityVersion = "Xcode 3.2";
			developmentRegion = English;
			hasScannedForEncodings = 0;
			knownRegions = (
				en,
				Base,
			);
			mainGroup = B40F208117F9B80400AC5DCE;
			productRefGroup = B40F208B17F9B80400AC5DCE /* Products */;
			projectDirPath = "";
			projectRoot = "";
			targets = (
				B40F208917F9B80400AC5DCE /* QuizApp */,
				B40F20AA17F9B80500AC5DCE /* QuizAppTests */,
			);
		};
/* End PBXProject section */

/* Begin PBXResourcesBuildPhase section */
		B40F208817F9B80400AC5DCE /* Resources */ = {
			isa = PBXResourcesBuildPhase;
			buildActionMask = 2147483647;
			files = (
				22B5020A1802F3C1004F070A /* history-1990s.plist in Resources */,
				22B502041802F356004F070A /* sports-football.plist in Resources */,
				22B502021802F1E4004F070A /* Categories.plist in Resources */,
				B40F20A617F9B80500AC5DCE /* Images.xcassets in Resources */,
				22B5020D1802F6E9004F070A /* tech-programming.plist in Resources */,
				22B502071802F3AC004F070A /* sports-handball.plist in Resources */,
				B40F209817F9B80500AC5DCE /* InfoPlist.strings in Resources */,
				B40F20A117F9B80500AC5DCE /* Main.storyboard in Resources */,
			);
			runOnlyForDeploymentPostprocessing = 0;
		};
		B40F20A917F9B80500AC5DCE /* Resources */ = {
			isa = PBXResourcesBuildPhase;
			buildActionMask = 2147483647;
			files = (
				B40F20B717F9B80500AC5DCE /* InfoPlist.strings in Resources */,
			);
			runOnlyForDeploymentPostprocessing = 0;
		};
/* End PBXResourcesBuildPhase section */

/* Begin PBXSourcesBuildPhase section */
		B40F208617F9B80400AC5DCE /* Sources */ = {
			isa = PBXSourcesBuildPhase;
			buildActionMask = 2147483647;
			files = (
				22B502211802F9B5004F070A /* QAStatsViewController.m in Sources */,
				22B5021C1802F9B5004F070A /* QAAboutViewController.m in Sources */,
				B40F209E17F9B80500AC5DCE /* QAAppDelegate.m in Sources */,
				22B502201802F9B5004F070A /* QAResultsViewController.m in Sources */,
				22B5021E1802F9B5004F070A /* QAPauseViewController.m in Sources */,
				22B502251802F9E2004F070A /* QADataController.m in Sources */,
				22B5021D1802F9B5004F070A /* QACategoryListViewController.m in Sources */,
				22268B0017F9C76200ED2512 /* QAQuestion.m in Sources */,
				B40F209A17F9B80500AC5DCE /* main.m in Sources */,
				22B5021F1802F9B5004F070A /* QAQuestionViewController.m in Sources */,
				22268AFD17F9C5CA00ED2512 /* QACategory.m in Sources */,
			);
			runOnlyForDeploymentPostprocessing = 0;
		};
		B40F20A717F9B80500AC5DCE /* Sources */ = {
			isa = PBXSourcesBuildPhase;
			buildActionMask = 2147483647;
			files = (
				B40F20B917F9B80500AC5DCE /* QuizAppTests.m in Sources */,
			);
			runOnlyForDeploymentPostprocessing = 0;
		};
/* End PBXSourcesBuildPhase section */

/* Begin PBXTargetDependency section */
		B40F20B117F9B80500AC5DCE /* PBXTargetDependency */ = {
			isa = PBXTargetDependency;
			target = B40F208917F9B80400AC5DCE /* QuizApp */;
			targetProxy = B40F20B017F9B80500AC5DCE /* PBXContainerItemProxy */;
		};
/* End PBXTargetDependency section */

/* Begin PBXVariantGroup section */
		B40F209617F9B80500AC5DCE /* InfoPlist.strings */ = {
			isa = PBXVariantGroup;
			children = (
				B40F209717F9B80500AC5DCE /* en */,
			);
			name = InfoPlist.strings;
			sourceTree = "<group>";
		};
		B40F209F17F9B80500AC5DCE /* Main.storyboard */ = {
			isa = PBXVariantGroup;
			children = (
				B40F20A017F9B80500AC5DCE /* Base */,
			);
			name = Main.storyboard;
			sourceTree = "<group>";
		};
		B40F20B517F9B80500AC5DCE /* InfoPlist.strings */ = {
			isa = PBXVariantGroup;
			children = (
				B40F20B617F9B80500AC5DCE /* en */,
			);
			name = InfoPlist.strings;
			sourceTree = "<group>";
		};
/* End PBXVariantGroup section */

/* Begin XCBuildConfiguration section */
		B40F20BA17F9B80500AC5DCE /* Debug */ = {
			isa = XCBuildConfiguration;
			buildSettings = {
				ALWAYS_SEARCH_USER_PATHS = NO;
				ARCHS = "$(ARCHS_STANDARD_INCLUDING_64_BIT)";
				CLANG_CXX_LANGUAGE_STANDARD = "gnu++0x";
				CLANG_CXX_LIBRARY = "libc++";
				CLANG_ENABLE_MODULES = YES;
				CLANG_ENABLE_OBJC_ARC = YES;
				CLANG_WARN_BOOL_CONVERSION = YES;
				CLANG_WARN_CONSTANT_CONVERSION = YES;
				CLANG_WARN_DIRECT_OBJC_ISA_USAGE = YES_ERROR;
				CLANG_WARN_EMPTY_BODY = YES;
				CLANG_WARN_ENUM_CONVERSION = YES;
				CLANG_WARN_INT_CONVERSION = YES;
				CLANG_WARN_OBJC_ROOT_CLASS = YES_ERROR;
				CLANG_WARN__DUPLICATE_METHOD_MATCH = YES;
				"CODE_SIGN_IDENTITY[sdk=iphoneos*]" = "iPhone Developer";
				COPY_PHASE_STRIP = NO;
				GCC_C_LANGUAGE_STANDARD = gnu99;
				GCC_DYNAMIC_NO_PIC = NO;
				GCC_OPTIMIZATION_LEVEL = 0;
				GCC_PREPROCESSOR_DEFINITIONS = (
					"DEBUG=1",
					"$(inherited)",
				);
				GCC_SYMBOLS_PRIVATE_EXTERN = NO;
				GCC_WARN_64_TO_32_BIT_CONVERSION = YES;
				GCC_WARN_ABOUT_RETURN_TYPE = YES_ERROR;
				GCC_WARN_UNDECLARED_SELECTOR = YES;
				GCC_WARN_UNINITIALIZED_AUTOS = YES;
				GCC_WARN_UNUSED_FUNCTION = YES;
				GCC_WARN_UNUSED_VARIABLE = YES;
				IPHONEOS_DEPLOYMENT_TARGET = 7.0;
				ONLY_ACTIVE_ARCH = YES;
				SDKROOT = iphoneos;
			};
			name = Debug;
		};
		B40F20BB17F9B80500AC5DCE /* Release */ = {
			isa = XCBuildConfiguration;
			buildSettings = {
				ALWAYS_SEARCH_USER_PATHS = NO;
				ARCHS = "$(ARCHS_STANDARD_INCLUDING_64_BIT)";
				CLANG_CXX_LANGUAGE_STANDARD = "gnu++0x";
				CLANG_CXX_LIBRARY = "libc++";
				CLANG_ENABLE_MODULES = YES;
				CLANG_ENABLE_OBJC_ARC = YES;
				CLANG_WARN_BOOL_CONVERSION = YES;
				CLANG_WARN_CONSTANT_CONVERSION = YES;
				CLANG_WARN_DIRECT_OBJC_ISA_USAGE = YES_ERROR;
				CLANG_WARN_EMPTY_BODY = YES;
				CLANG_WARN_ENUM_CONVERSION = YES;
				CLANG_WARN_INT_CONVERSION = YES;
				CLANG_WARN_OBJC_ROOT_CLASS = YES_ERROR;
				CLANG_WARN__DUPLICATE_METHOD_MATCH = YES;
				"CODE_SIGN_IDENTITY[sdk=iphoneos*]" = "iPhone Developer";
				COPY_PHASE_STRIP = YES;
				ENABLE_NS_ASSERTIONS = NO;
				GCC_C_LANGUAGE_STANDARD = gnu99;
				GCC_WARN_64_TO_32_BIT_CONVERSION = YES;
				GCC_WARN_ABOUT_RETURN_TYPE = YES_ERROR;
				GCC_WARN_UNDECLARED_SELECTOR = YES;
				GCC_WARN_UNINITIALIZED_AUTOS = YES;
				GCC_WARN_UNUSED_FUNCTION = YES;
				GCC_WARN_UNUSED_VARIABLE = YES;
				IPHONEOS_DEPLOYMENT_TARGET = 7.0;
				SDKROOT = iphoneos;
				VALIDATE_PRODUCT = YES;
			};
			name = Release;
		};
		B40F20BD17F9B80500AC5DCE /* Debug */ = {
			isa = XCBuildConfiguration;
			buildSettings = {
				ASSETCATALOG_COMPILER_APPICON_NAME = AppIcon;
				ASSETCATALOG_COMPILER_LAUNCHIMAGE_NAME = LaunchImage;
				GCC_PRECOMPILE_PREFIX_HEADER = YES;
				GCC_PREFIX_HEADER = "QuizApp/QuizApp-Prefix.pch";
				INFOPLIST_FILE = "QuizApp/QuizApp-Info.plist";
				PRODUCT_NAME = "$(TARGET_NAME)";
				WRAPPER_EXTENSION = app;
			};
			name = Debug;
		};
		B40F20BE17F9B80500AC5DCE /* Release */ = {
			isa = XCBuildConfiguration;
			buildSettings = {
				ASSETCATALOG_COMPILER_APPICON_NAME = AppIcon;
				ASSETCATALOG_COMPILER_LAUNCHIMAGE_NAME = LaunchImage;
				GCC_PRECOMPILE_PREFIX_HEADER = YES;
				GCC_PREFIX_HEADER = "QuizApp/QuizApp-Prefix.pch";
				INFOPLIST_FILE = "QuizApp/QuizApp-Info.plist";
				PRODUCT_NAME = "$(TARGET_NAME)";
				WRAPPER_EXTENSION = app;
			};
			name = Release;
		};
		B40F20C017F9B80500AC5DCE /* Debug */ = {
			isa = XCBuildConfiguration;
			buildSettings = {
				ARCHS = "$(ARCHS_STANDARD_INCLUDING_64_BIT)";
				BUNDLE_LOADER = "$(BUILT_PRODUCTS_DIR)/QuizApp.app/QuizApp";
				FRAMEWORK_SEARCH_PATHS = (
					"$(SDKROOT)/Developer/Library/Frameworks",
					"$(inherited)",
					"$(DEVELOPER_FRAMEWORKS_DIR)",
				);
				GCC_PRECOMPILE_PREFIX_HEADER = YES;
				GCC_PREFIX_HEADER = "QuizApp/QuizApp-Prefix.pch";
				GCC_PREPROCESSOR_DEFINITIONS = (
					"DEBUG=1",
					"$(inherited)",
				);
				INFOPLIST_FILE = "QuizAppTests/QuizAppTests-Info.plist";
				PRODUCT_NAME = "$(TARGET_NAME)";
				TEST_HOST = "$(BUNDLE_LOADER)";
				WRAPPER_EXTENSION = xctest;
			};
			name = Debug;
		};
		B40F20C117F9B80500AC5DCE /* Release */ = {
			isa = XCBuildConfiguration;
			buildSettings = {
				ARCHS = "$(ARCHS_STANDARD_INCLUDING_64_BIT)";
				BUNDLE_LOADER = "$(BUILT_PRODUCTS_DIR)/QuizApp.app/QuizApp";
				FRAMEWORK_SEARCH_PATHS = (
					"$(SDKROOT)/Developer/Library/Frameworks",
					"$(inherited)",
					"$(DEVELOPER_FRAMEWORKS_DIR)",
				);
				GCC_PRECOMPILE_PREFIX_HEADER = YES;
				GCC_PREFIX_HEADER = "QuizApp/QuizApp-Prefix.pch";
				INFOPLIST_FILE = "QuizAppTests/QuizAppTests-Info.plist";
				PRODUCT_NAME = "$(TARGET_NAME)";
				TEST_HOST = "$(BUNDLE_LOADER)";
				WRAPPER_EXTENSION = xctest;
			};
			name = Release;
		};
/* End XCBuildConfiguration section */

/* Begin XCConfigurationList section */
		B40F208517F9B80400AC5DCE /* Build configuration list for PBXProject "QuizApp" */ = {
			isa = XCConfigurationList;
			buildConfigurations = (
				B40F20BA17F9B80500AC5DCE /* Debug */,
				B40F20BB17F9B80500AC5DCE /* Release */,
			);
			defaultConfigurationIsVisible = 0;
			defaultConfigurationName = Release;
		};
		B40F20BC17F9B80500AC5DCE /* Build configuration list for PBXNativeTarget "QuizApp" */ = {
			isa = XCConfigurationList;
			buildConfigurations = (
				B40F20BD17F9B80500AC5DCE /* Debug */,
				B40F20BE17F9B80500AC5DCE /* Release */,
			);
			defaultConfigurationIsVisible = 0;
			defaultConfigurationName = Release;
		};
		B40F20BF17F9B80500AC5DCE /* Build configuration list for PBXNativeTarget "QuizAppTests" */ = {
			isa = XCConfigurationList;
			buildConfigurations = (
				B40F20C017F9B80500AC5DCE /* Debug */,
				B40F20C117F9B80500AC5DCE /* Release */,
			);
			defaultConfigurationIsVisible = 0;
			defaultConfigurationName = Release;
		};
/* End XCConfigurationList section */
	};
	rootObject = B40F208217F9B80400AC5DCE /* Project object */;
}
